
Microsoft Visual Studio Solution File, Format Version 12.00
# Visual Studio Version 17
VisualStudioVersion = 17.13.35818.85 d17.13
MinimumVisualStudioVersion = 10.0.40219.1
Project("{FAE04EC0-301F-11D3-BF4B-00C04F79EFBC}") = "API", "API.csproj", "{17365DD3-4C68-47E4-AC1E-15EF6C6F0F81}"
EndProject
Global
	GlobalSection(SolutionConfigurationPlatforms) = preSolution
		Debug|Any CPU = Debug|Any CPU
		Release|Any CPU = Release|Any CPU
	EndGlobalSection
	GlobalSection(ProjectConfigurationPlatforms) = postSolution
		{17365DD3-4C68-47E4-AC1E-15EF6C6F0F81}.Debug|Any CPU.ActiveCfg = Debug|Any CPU
		{17365DD3-4C68-47E4-AC1E-15EF6C6F0F81}.Debug|Any CPU.Build.0 = Debug|Any CPU
		{17365DD3-4C68-47E4-AC1E-15EF6C6F0F81}.Release|Any CPU.ActiveCfg = Release|Any CPU
		{17365DD3-4C68-47E4-AC1E-15EF6C6F0F81}.Release|Any CPU.Build.0 = Release|Any CPU
	EndGlobalSection
	GlobalSection(SolutionProperties) = preSolution
		HideSolutionNode = FALSE
	EndGlobalSection
	GlobalSection(ExtensibilityGlobals) = postSolution
		SolutionGuid = {4E05F017-4F50-4598-8D7D-9A985CA05FB2}
	EndGlobalSection
EndGlobal
